
Microsoft Visual Studio Solution File, Format Version 12.00
# Visual Studio Version 16
VisualStudioVersion = 16.0.30621.155
MinimumVisualStudioVersion = 10.0.40219.1
Project("{FAE04EC0-301F-11D3-BF4B-00C04F79EFBC}") = "UwpApp", "UwpApp\UwpApp.csproj", "{DE7803BF-BCA1-4689-BB46-C56FD194F4B3}"
EndProject
Project("{FAE04EC0-301F-11D3-BF4B-00C04F79EFBC}") = "DataAccess", "DataAccess\DataAccess.csproj", "{B35E4AAC-2275-4B08-B62F-5C149BA1B445}"
EndProject
Global
	GlobalSection(SolutionConfigurationPlatforms) = preSolution
		Debug|Any CPU = Debug|Any CPU
		Debug|ARM = Debug|ARM
		Debug|ARM64 = Debug|ARM64
		Debug|x64 = Debug|x64
		Debug|x86 = Debug|x86
		Release|Any CPU = Release|Any CPU
		Release|ARM = Release|ARM
		Release|ARM64 = Release|ARM64
		Release|x64 = Release|x64
		Release|x86 = Release|x86
	EndGlobalSection
	GlobalSection(ProjectConfigurationPlatforms) = postSolution
		{DE7803BF-BCA1-4689-BB46-C56FD194F4B3}.Debug|Any CPU.ActiveCfg = Debug|x86
		{DE7803BF-BCA1-4689-BB46-C56FD194F4B3}.Debug|ARM.ActiveCfg = Debug|ARM
		{DE7803BF-BCA1-4689-BB46-C56FD194F4B3}.Debug|ARM.Build.0 = Debug|ARM
		{DE7803BF-BCA1-4689-BB46-C56FD194F4B3}.Debug|ARM.Deploy.0 = Debug|ARM
		{DE7803BF-BCA1-4689-BB46-C56FD194F4B3}.Debug|ARM64.ActiveCfg = Debug|ARM64
		{DE7803BF-BCA1-4689-BB46-C56FD194F4B3}.Debug|ARM64.Build.0 = Debug|ARM64
		{DE7803BF-BCA1-4689-BB46-C56FD194F4B3}.Debug|ARM64.Deploy.0 = Debug|ARM64
		{DE7803BF-BCA1-4689-BB46-C56FD194F4B3}.Debug|x64.ActiveCfg = Debug|x64
		{DE7803BF-BCA1-4689-BB46-C56FD194F4B3}.Debug|x64.Build.0 = Debug|x64
		{DE7803BF-BCA1-4689-BB46-C56FD194F4B3}.Debug|x64.Deploy.0 = Debug|x64
		{DE7803BF-BCA1-4689-BB46-C56FD194F4B3}.Debug|x86.ActiveCfg = Debug|x86
		{DE7803BF-BCA1-4689-BB46-C56FD194F4B3}.Debug|x86.Build.0 = Debug|x86
		{DE7803BF-BCA1-4689-BB46-C56FD194F4B3}.Debug|x86.Deploy.0 = Debug|x86
		{DE7803BF-BCA1-4689-BB46-C56FD194F4B3}.Release|Any CPU.ActiveCfg = Release|x86
		{DE7803BF-BCA1-4689-BB46-C56FD194F4B3}.Release|ARM.ActiveCfg = Release|ARM
		{DE7803BF-BCA1-4689-BB46-C56FD194F4B3}.Release|ARM.Build.0 = Release|ARM
		{DE7803BF-BCA1-4689-BB46-C56FD194F4B3}.Release|ARM.Deploy.0 = Release|ARM
		{DE7803BF-BCA1-4689-BB46-C56FD194F4B3}.Release|ARM64.ActiveCfg = Release|ARM64
		{DE7803BF-BCA1-4689-BB46-C56FD194F4B3}.Release|ARM64.Build.0 = Release|ARM64
		{DE7803BF-BCA1-4689-BB46-C56FD194F4B3}.Release|ARM64.Deploy.0 = Release|ARM64
		{DE7803BF-BCA1-4689-BB46-C56FD194F4B3}.Release|x64.ActiveCfg = Release|x64
		{DE7803BF-BCA1-4689-BB46-C56FD194F4B3}.Release|x64.Build.0 = Release|x64
		{DE7803BF-BCA1-4689-BB46-C56FD194F4B3}.Release|x64.Deploy.0 = Release|x64
		{DE7803BF-BCA1-4689-BB46-C56FD194F4B3}.Release|x86.ActiveCfg = Release|x86
		{DE7803BF-BCA1-4689-BB46-C56FD194F4B3}.Release|x86.Build.0 = Release|x86
		{DE7803BF-BCA1-4689-BB46-C56FD194F4B3}.Release|x86.Deploy.0 = Release|x86
		{B35E4AAC-2275-4B08-B62F-5C149BA1B445}.Debug|Any CPU.ActiveCfg = Debug|Any CPU
		{B35E4AAC-2275-4B08-B62F-5C149BA1B445}.Debug|Any CPU.Build.0 = Debug|Any CPU
		{B35E4AAC-2275-4B08-B62F-5C149BA1B445}.Debug|ARM.ActiveCfg = Debug|ARM
		{B35E4AAC-2275-4B08-B62F-5C149BA1B445}.Debug|ARM.Build.0 = Debug|ARM
		{B35E4AAC-2275-4B08-B62F-5C149BA1B445}.Debug|ARM64.ActiveCfg = Debug|ARM64
		{B35E4AAC-2275-4B08-B62F-5C149BA1B445}.Debug|ARM64.Build.0 = Debug|ARM64
		{B35E4AAC-2275-4B08-B62F-5C149BA1B445}.Debug|x64.ActiveCfg = Debug|x64
		{B35E4AAC-2275-4B08-B62F-5C149BA1B445}.Debug|x64.Build.0 = Debug|x64
		{B35E4AAC-2275-4B08-B62F-5C149BA1B445}.Debug|x86.ActiveCfg = Debug|x86
		{B35E4AAC-2275-4B08-B62F-5C149BA1B445}.Debug|x86.Build.0 = Debug|x86
		{B35E4AAC-2275-4B08-B62F-5C149BA1B445}.Release|Any CPU.ActiveCfg = Release|Any CPU
		{B35E4AAC-2275-4B08-B62F-5C149BA1B445}.Release|Any CPU.Build.0 = Release|Any CPU
		{B35E4AAC-2275-4B08-B62F-5C149BA1B445}.Release|ARM.ActiveCfg = Release|ARM
		{B35E4AAC-2275-4B08-B62F-5C149BA1B445}.Release|ARM.Build.0 = Release|ARM
		{B35E4AAC-2275-4B08-B62F-5C149BA1B445}.Release|ARM64.ActiveCfg = Release|ARM64
		{B35E4AAC-2275-4B08-B62F-5C149BA1B445}.Release|ARM64.Build.0 = Release|ARM64
		{B35E4AAC-2275-4B08-B62F-5C149BA1B445}.Release|x64.ActiveCfg = Release|x64
		{B35E4AAC-2275-4B08-B62F-5C149BA1B445}.Release|x64.Build.0 = Release|x64
		{B35E4AAC-2275-4B08-B62F-5C149BA1B445}.Release|x86.ActiveCfg = Release|x86
		{B35E4AAC-2275-4B08-B62F-5C149BA1B445}.Release|x86.Build.0 = Release|x86
	EndGlobalSection
	GlobalSection(SolutionProperties) = preSolution
		HideSolutionNode = FALSE
	EndGlobalSection
	GlobalSection(ExtensibilityGlobals) = postSolution
		SolutionGuid = {81AAA48B-B9D4-4F89-96E2-21F6D7C441FC}
	EndGlobalSection
EndGlobal
